<?xml version="1.0" encoding="utf-8"?>
<Project ToolsVersion="4.0" xmlns="http://schemas.microsoft.com/developer/msbuild/2003">
  <ItemGroup>
    <Filter Include="Source Files">
      <UniqueIdentifier>{4FC737F1-C7A5-4376-A066-2A32D752A2FF}</UniqueIdentifier>
      <Extensions>cpp;c;cc;cxx;def;odl;idl;hpj;bat;asm;asmx</Extensions>
    </Filter>
    <Filter Include="Resource Files">
      <UniqueIdentifier>{67DA6AB6-F800-4c08-8B7A-83BB121AAD01}</UniqueIdentifier>
      <Extensions>rc;ico;cur;bmp;dlg;rc2;rct;bin;rgs;gif;jpg;jpeg;jpe;resx;tiff;tif;png;wav</Extensions>
    </Filter>
    <Filter Include="XLib">
      <UniqueIdentifier>{f58f6a4f-f009-49b5-a377-11d3e079abef}</UniqueIdentifier>
    </Filter>
    <Filter Include="XLib\Fso">
      <UniqueIdentifier>{335dc480-7f00-4a76-8606-806092841481}</UniqueIdentifier>
    </Filter>
    <Filter Include="XLib\Sync">
      <UniqueIdentifier>{2277fe38-54d8-43a8-8318-44f576b11b3a}</UniqueIdentifier>
    </Filter>
    <Filter Include="XLib\Debug">
      <UniqueIdentifier>{cdf272d0-d217-4c76-b1f2-1a676ed89fc7}</UniqueIdentifier>
    </Filter>
    <Filter Include="XLib\Log">
      <UniqueIdentifier>{c74bf2e9-4cf0-48a9-bda8-f13d3bfe0275}</UniqueIdentifier>
    </Filter>
    <Filter Include="XLib\Other">
      <UniqueIdentifier>{e962682c-7935-4a3d-973b-5eed2978107a}</UniqueIdentifier>
    </Filter>
  </ItemGroup>
  <ItemGroup>
    <ClCompile Include="CWorkThread.cpp">
      <Filter>Source Files</Filter>
    </ClCompile>
    <ClCompile Include="CXThreadPool_GUI.cpp">
      <Filter>Source Files</Filter>
    </ClCompile>
    <ClCompile Include="stdafx.cpp">
      <Filter>Resource Files</Filter>
    </ClCompile>
    <ClCompile Include="..\..\..\..\Source\Fso\CXPath.cpp">
      <Filter>XLib\Fso</Filter>
    </ClCompile>
    <ClCompile Include="..\..\..\..\Source\Fso\CXStdioFile.cpp">
      <Filter>XLib\Fso</Filter>
    </ClCompile>
    <ClCompile Include="..\..\..\..\Source\Sync\CXCriticalSection.cpp">
      <Filter>XLib\Sync</Filter>
    </ClCompile>
    <ClCompile Include="..\..\..\..\Source\Sync\CXCriticalSectionLocker.cpp">
      <Filter>XLib\Sync</Filter>
    </ClCompile>
    <ClCompile Include="..\..\..\..\Source\Sync\CXEvent.cpp">
      <Filter>XLib\Sync</Filter>
    </ClCompile>
    <ClCompile Include="..\..\..\..\Source\Sync\CXMutex.cpp">
      <Filter>XLib\Sync</Filter>
    </ClCompile>
    <ClCompile Include="..\..\..\..\Source\Sync\CXMutexLocker.cpp">
      <Filter>XLib\Sync</Filter>
    </ClCompile>
    <ClCompile Include="..\..\..\..\Source\Sync\CXSemaphore.cpp">
      <Filter>XLib\Sync</Filter>
    </ClCompile>
    <ClCompile Include="..\..\..\..\Source\Sync\CXSleeper.cpp">
      <Filter>XLib\Sync</Filter>
    </ClCompile>
    <ClCompile Include="..\..\..\..\Source\Sync\CXThread.cpp">
      <Filter>XLib\Sync</Filter>
    </ClCompile>
    <ClCompile Include="..\..\..\..\Source\Debug\CXAssert.cpp">
      <Filter>XLib\Debug</Filter>
    </ClCompile>
    <ClCompile Include="..\..\..\..\Source\Debug\CXPerform.cpp">
      <Filter>XLib\Debug</Filter>
    </ClCompile>
    <ClCompile Include="..\..\..\..\Source\Log\CXConsoleLog.cpp">
      <Filter>XLib\Log</Filter>
    </ClCompile>
    <ClCompile Include="..\..\..\..\Source\Log\CXFileLog.cpp">
      <Filter>XLib\Log</Filter>
    </ClCompile>
    <ClCompile Include="..\..\..\..\Source\Log\CXTraceLog.cpp">
      <Filter>XLib\Log</Filter>
    </ClCompile>
    <ClCompile Include="..\..\..\..\Source\CXCOM.cpp">
      <Filter>XLib\Other</Filter>
    </ClCompile>
    <ClCompile Include="..\..\..\..\Source\CXLocale.cpp">
      <Filter>XLib\Other</Filter>
    </ClCompile>
    <ClCompile Include="..\..\..\..\Source\CXString.cpp">
      <Filter>XLib\Other</Filter>
    </ClCompile>
    <ClCompile Include="..\..\..\..\Source\CXSystemInfo.cpp">
      <Filter>XLib\Other</Filter>
    </ClCompile>
  </ItemGroup>
  <ItemGroup>
    <ClInclude Include="CWorkThread.h">
      <Filter>Source Files</Filter>
    </ClInclude>
    <ClInclude Include="CXThreadPool_GUI.h">
      <Filter>Source Files</Filter>
    </ClInclude>
    <ClInclude Include="Resource.h">
      <Filter>Resource Files</Filter>
    </ClInclude>
    <ClInclude Include="stdafx.h">
      <Filter>Resource Files</Filter>
    </ClInclude>
    <ClInclude Include="targetver.h">
      <Filter>Resource Files</Filter>
    </ClInclude>
    <ClInclude Include="..\..\..\..\Include\XLib\Fso\CXPath.h">
      <Filter>XLib\Fso</Filter>
    </ClInclude>
    <ClInclude Include="..\..\..\..\Include\XLib\Fso\CXStdioFile.h">
      <Filter>XLib\Fso</Filter>
    </ClInclude>
    <ClInclude Include="..\..\..\..\Include\XLib\Sync\CXCriticalSection.h">
      <Filter>XLib\Sync</Filter>
    </ClInclude>
    <ClInclude Include="..\..\..\..\Include\XLib\Sync\CXCriticalSectionLocker.h">
      <Filter>XLib\Sync</Filter>
    </ClInclude>
    <ClInclude Include="..\..\..\..\Include\XLib\Sync\CXEvent.h">
      <Filter>XLib\Sync</Filter>
    </ClInclude>
    <ClInclude Include="..\..\..\..\Include\XLib\Sync\CXMutex.h">
      <Filter>XLib\Sync</Filter>
    </ClInclude>
    <ClInclude Include="..\..\..\..\Include\XLib\Sync\CXMutexLocker.h">
      <Filter>XLib\Sync</Filter>
    </ClInclude>
    <ClInclude Include="..\..\..\..\Include\XLib\Sync\CXSemaphore.h">
      <Filter>XLib\Sync</Filter>
    </ClInclude>
    <ClInclude Include="..\..\..\..\Include\XLib\Sync\CXSleeper.h">
      <Filter>XLib\Sync</Filter>
    </ClInclude>
    <ClInclude Include="..\..\..\..\Include\XLib\Sync\CXThread.h">
      <Filter>XLib\Sync</Filter>
    </ClInclude>
    <ClInclude Include="..\..\..\..\Include\XLib\Sync\CXThreadPool.h">
      <Filter>XLib\Sync</Filter>
    </ClInclude>
    <ClInclude Include="..\..\..\..\Include\XLib\Debug\CXAssert.h">
      <Filter>XLib\Debug</Filter>
    </ClInclude>
    <ClInclude Include="..\..\..\..\Include\XLib\Debug\CXPerform.h">
      <Filter>XLib\Debug</Filter>
    </ClInclude>
    <ClInclude Include="..\..\..\..\Include\XLib\Log\CXConsoleLog.h">
      <Filter>XLib\Log</Filter>
    </ClInclude>
    <ClInclude Include="..\..\..\..\Include\XLib\Log\CXFileLog.h">
      <Filter>XLib\Log</Filter>
    </ClInclude>
    <ClInclude Include="..\..\..\..\Include\XLib\Log\CXTraceLog.h">
      <Filter>XLib\Log</Filter>
    </ClInclude>
    <ClInclude Include="..\..\..\..\Include\XLib\Common.h">
      <Filter>XLib\Other</Filter>
    </ClInclude>
    <ClInclude Include="..\..\..\..\Include\XLib\CXCOM.h">
      <Filter>XLib\Other</Filter>
    </ClInclude>
    <ClInclude Include="..\..\..\..\Include\XLib\CXHandleT.h">
      <Filter>XLib\Other</Filter>
    </ClInclude>
    <ClInclude Include="..\..\..\..\Include\XLib\CXLocale.h">
      <Filter>XLib\Other</Filter>
    </ClInclude>
    <ClInclude Include="..\..\..\..\Include\XLib\CXString.h">
      <Filter>XLib\Other</Filter>
    </ClInclude>
    <ClInclude Include="..\..\..\..\Include\XLib\CXSystemInfo.h">
      <Filter>XLib\Other</Filter>
    </ClInclude>
  </ItemGroup>
  <ItemGroup>
    <None Include="CXThreadPool_GUI.ico">
      <Filter>Resource Files</Filter>
    </None>
    <None Include="small.ico">
      <Filter>Resource Files</Filter>
    </None>
    <None Include="..\..\..\..\Source\Sync\CXThreadPool.inl">
      <Filter>XLib\Sync</Filter>
    </None>
    <None Include="..\..\..\..\Source\CXHandleT.inl">
      <Filter>XLib\Other</Filter>
    </None>
  </ItemGroup>
  <ItemGroup>
    <ResourceCompile Include="CXThreadPool_GUI.rc">
      <Filter>Resource Files</Filter>
    </ResourceCompile>
  </ItemGroup>
</Project>